
Microsoft Visual Studio Solution File, Format Version 12.00
# Visual Studio Version 17
VisualStudioVersion = 17.6.33723.286
MinimumVisualStudioVersion = 10.0.40219.1
Project("{FAE04EC0-301F-11D3-BF4B-00C04F79EFBC}") = "StackProgram", "StackProgram\StackProgram.csproj", "{7B1F9DA8-4BFC-414C-90B1-C96CA5BE59CD}"
EndProject
Project("{FAE04EC0-301F-11D3-BF4B-00C04F79EFBC}") = "QueueProgram", "QueueProgram\QueueProgram.csproj", "{80ECE0EB-0925-4EEE-8BDC-AFBA450CCCE0}"
EndProject
Global
	GlobalSection(SolutionConfigurationPlatforms) = preSolution
		Debug|Any CPU = Debug|Any CPU
		Release|Any CPU = Release|Any CPU
	EndGlobalSection
	GlobalSection(ProjectConfigurationPlatforms) = postSolution
		{7B1F9DA8-4BFC-414C-90B1-C96CA5BE59CD}.Debug|Any CPU.ActiveCfg = Debug|Any CPU
		{7B1F9DA8-4BFC-414C-90B1-C96CA5BE59CD}.Debug|Any CPU.Build.0 = Debug|Any CPU
		{7B1F9DA8-4BFC-414C-90B1-C96CA5BE59CD}.Release|Any CPU.ActiveCfg = Release|Any CPU
		{7B1F9DA8-4BFC-414C-90B1-C96CA5BE59CD}.Release|Any CPU.Build.0 = Release|Any CPU
		{80ECE0EB-0925-4EEE-8BDC-AFBA450CCCE0}.Debug|Any CPU.ActiveCfg = Debug|Any CPU
		{80ECE0EB-0925-4EEE-8BDC-AFBA450CCCE0}.Debug|Any CPU.Build.0 = Debug|Any CPU
		{80ECE0EB-0925-4EEE-8BDC-AFBA450CCCE0}.Release|Any CPU.ActiveCfg = Release|Any CPU
		{80ECE0EB-0925-4EEE-8BDC-AFBA450CCCE0}.Release|Any CPU.Build.0 = Release|Any CPU
	EndGlobalSection
	GlobalSection(SolutionProperties) = preSolution
		HideSolutionNode = FALSE
	EndGlobalSection
	GlobalSection(ExtensibilityGlobals) = postSolution
		SolutionGuid = {77F581F6-16B9-4095-B5F8-3F63D315A77B}
	EndGlobalSection
EndGlobal
